
Microsoft Visual Studio Solution File, Format Version 12.00
# Visual Studio 15
VisualStudioVersion = 15.0.27004.2002
MinimumVisualStudioVersion = 10.0.40219.1
Project("{2150E333-8FDC-42A3-9474-1A3956D46DE8}") = "Tests", "Tests", "{94B1A63D-1E98-42B1-B7FB-2DE3C4E2092C}"
EndProject
Project("{FAE04EC0-301F-11D3-BF4B-00C04F79EFBC}") = "VarinaCmsV2.Web.Tests", "VarinaCmsV2.Web.Tests\VarinaCmsV2.Web.Tests.csproj", "{F9A7C885-7A35-4895-9609-2F4B737A5CD8}"
EndProject
Project("{FAE04EC0-301F-11D3-BF4B-00C04F79EFBC}") = "VarinaCmsV2.Core", "VarinaCmsV2.Core\VarinaCmsV2.Core.csproj", "{701C81AB-DC0B-489A-92EC-32923BE2AC7E}"
EndProject
Project("{FAE04EC0-301F-11D3-BF4B-00C04F79EFBC}") = "VarinaCmsV2.Data", "VarinaCmsV2.Data\VarinaCmsV2.Data.csproj", "{CD83DD28-C9D7-47D2-99F7-06A1A40EBD8E}"
EndProject
Project("{FAE04EC0-301F-11D3-BF4B-00C04F79EFBC}") = "VarinaCmsV2.ViewModel", "VarinaCmsV2.ViewModel\VarinaCmsV2.ViewModel.csproj", "{52E43EF2-57D5-444C-8380-4200EFB35370}"
EndProject
Project("{FAE04EC0-301F-11D3-BF4B-00C04F79EFBC}") = "VarinaCmsV2.Services", "VarinaCmsV2.Services\VarinaCmsV2.Services.csproj", "{592E34B7-D423-4D8F-8B1E-1E448F09F7D2}"
EndProject
Project("{FAE04EC0-301F-11D3-BF4B-00C04F79EFBC}") = "VarinaCmsV2.Common", "VarinaCmsV2.Common\VarinaCmsV2.Common.csproj", "{60D537FD-FC3C-4637-8122-A65A4F0ABEBA}"
EndProject
Project("{FAE04EC0-301F-11D3-BF4B-00C04F79EFBC}") = "VarinaCmsV2.Common.Tests", "VarinaCmsV2.Common.Tests\VarinaCmsV2.Common.Tests.csproj", "{5E2C5931-7141-4CF7-9B71-717D61BF0A3D}"
EndProject
Project("{FAE04EC0-301F-11D3-BF4B-00C04F79EFBC}") = "VarinaCmsV2.Core.Tests", "VarinaCmsV2.Core.Tests\VarinaCmsV2.Core.Tests.csproj", "{60A1BFDD-117E-4988-AB5A-E771BFBD1269}"
EndProject
Project("{FAE04EC0-301F-11D3-BF4B-00C04F79EFBC}") = "VarinaCmsV2.IocConfig.Tests", "VarinaCmsV2.IocConfig.Tests\VarinaCmsV2.IocConfig.Tests.csproj", "{AC1364B1-1B41-4720-AD1E-980A36769F22}"
EndProject
Project("{FAE04EC0-301F-11D3-BF4B-00C04F79EFBC}") = "VarinaCmsV2.Services.Tests", "VarinaCmsV2.Services.Tests\VarinaCmsV2.Services.Tests.csproj", "{32582AC5-C5D2-47F1-8480-43627E1EEA9F}"
EndProject
Project("{FAE04EC0-301F-11D3-BF4B-00C04F79EFBC}") = "VarinaCmsV2.ViewModelMapping.Tests", "VarinaCmsV2.ViewModelMapping.Tests\VarinaCmsV2.ViewModelMapping.Tests.csproj", "{09F94FD9-A0EB-4324-B383-4AAD04678B65}"
EndProject
Project("{FAE04EC0-301F-11D3-BF4B-00C04F79EFBC}") = "VarinaCmsV2.Security", "VarinaCmsV2.Security\VarinaCmsV2.Security.csproj", "{AD6B0CD5-132F-4A07-85B8-2E774E960238}"
EndProject
Project("{FAE04EC0-301F-11D3-BF4B-00C04F79EFBC}") = "VarinaCmsV2.Web", "VarinaCmsV2.Web\VarinaCmsV2.Web.csproj", "{31E7EA98-33A6-4688-8BB6-44AD5B499782}"
EndProject
Project("{FAE04EC0-301F-11D3-BF4B-00C04F79EFBC}") = "VarinaCmsV2.Core.Logic", "VarinaCmsV2.Core.Logic\VarinaCmsV2.Core.Logic.csproj", "{E0068CE0-4431-4BDE-9A42-57D7D329CC83}"
EndProject
Project("{FAE04EC0-301F-11D3-BF4B-00C04F79EFBC}") = "VarinaCmsV2.Security.Tests", "VarinaCmsV2.Security.Tests\VarinaCmsV2.Security.Tests.csproj", "{E6234C62-44BA-4F2D-A972-EC3E62FA15F3}"
EndProject
Project("{FAE04EC0-301F-11D3-BF4B-00C04F79EFBC}") = "VarinaCmsV2.Configuration", "VarinaCmsV2.Configuration\VarinaCmsV2.Configuration.csproj", "{27785D7A-894A-4ECC-82BD-CB9C691874A6}"
EndProject
Project("{FAE04EC0-301F-11D3-BF4B-00C04F79EFBC}") = "VarinaCmsV2.Configuration.Tests", "VarinaCmsV2.Configuration.Tests\VarinaCmsV2.Configuration.Tests.csproj", "{259BD0D9-32B7-4C19-BB74-9DE71ECDE11C}"
EndProject
Project("{FAE04EC0-301F-11D3-BF4B-00C04F79EFBC}") = "VarinaCmsV2.Data.Tests", "VarinaCmsV2.Data.Tests\VarinaCmsV2.Data.Tests.csproj", "{A58E8DA7-64E7-4B5B-8F59-510BC4D56F06}"
EndProject
Project("{FAE04EC0-301F-11D3-BF4B-00C04F79EFBC}") = "VarinaCmsV2.IocCofig", "VarinaCmsV2.IocCofig\VarinaCmsV2.IocCofig.csproj", "{9AA1D734-9CCC-464B-99A0-907B5199956A}"
EndProject
Project("{2150E333-8FDC-42A3-9474-1A3956D46DE8}") = "Modules", "Modules", "{BEFD66D8-D472-4CEA-A379-D40BE606E12D}"
EndProject
Project("{FAE04EC0-301F-11D3-BF4B-00C04F79EFBC}") = "VarinaCmsV2.Core.Logic.Tests", "VarinaCmsV2.Core.Logic.Tests\VarinaCmsV2.Core.Logic.Tests.csproj", "{8DF719EA-25AB-4B80-9A18-F7CA720B92F7}"
EndProject
Project("{FAE04EC0-301F-11D3-BF4B-00C04F79EFBC}") = "VarinaCmsV2.AutoMapperProfiles", "VarinaCmsV2.AutoMapperProfiles\VarinaCmsV2.AutoMapperProfiles.csproj", "{E207741A-EB1B-4953-9A24-8BA9F5CF4CD9}"
EndProject
Project("{FAE04EC0-301F-11D3-BF4B-00C04F79EFBC}") = "VarinaCmsV2.DomainClasses", "VarinaCmsV2.DomainClasses\VarinaCmsV2.DomainClasses.csproj", "{5B6A1CD7-F23A-4924-B45C-ACEF658DAC42}"
EndProject
Project("{FAE04EC0-301F-11D3-BF4B-00C04F79EFBC}") = "VarinaCmsV2.Resources", "VaeinaCmsV2.Resources\VarinaCmsV2.Resources.csproj", "{F89ABAFF-75D8-4001-8C3C-E737DDDD98D5}"
EndProject
Project("{FAE04EC0-301F-11D3-BF4B-00C04F79EFBC}") = "VarinaCmsV2.FileManager.Tests", "VarinaCmsV2.FileManager.Tests\VarinaCmsV2.FileManager.Tests.csproj", "{97DC8EF6-F296-46CA-A566-91B18270182A}"
EndProject
Project("{FAE04EC0-301F-11D3-BF4B-00C04F79EFBC}") = "VarinaCmsV2.FileManager", "VarinaCmsV2.FileManager\VarinaCmsV2.FileManager.csproj", "{6A80EBFF-1D17-44C9-8F8F-994D6F553039}"
EndProject
Project("{FAE04EC0-301F-11D3-BF4B-00C04F79EFBC}") = "TestCommon", "TestCommon\TestCommon.csproj", "{DFC4E689-A32A-4795-8697-FECD5C44ABE2}"
EndProject
Global
	GlobalSection(SolutionConfigurationPlatforms) = preSolution
		Debug|Any CPU = Debug|Any CPU
		Release|Any CPU = Release|Any CPU
	EndGlobalSection
	GlobalSection(ProjectConfigurationPlatforms) = postSolution
		{F9A7C885-7A35-4895-9609-2F4B737A5CD8}.Debug|Any CPU.ActiveCfg = Debug|Any CPU
		{F9A7C885-7A35-4895-9609-2F4B737A5CD8}.Debug|Any CPU.Build.0 = Debug|Any CPU
		{F9A7C885-7A35-4895-9609-2F4B737A5CD8}.Release|Any CPU.ActiveCfg = Release|Any CPU
		{F9A7C885-7A35-4895-9609-2F4B737A5CD8}.Release|Any CPU.Build.0 = Release|Any CPU
		{701C81AB-DC0B-489A-92EC-32923BE2AC7E}.Debug|Any CPU.ActiveCfg = Debug|Any CPU
		{701C81AB-DC0B-489A-92EC-32923BE2AC7E}.Debug|Any CPU.Build.0 = Debug|Any CPU
		{701C81AB-DC0B-489A-92EC-32923BE2AC7E}.Release|Any CPU.ActiveCfg = Release|Any CPU
		{701C81AB-DC0B-489A-92EC-32923BE2AC7E}.Release|Any CPU.Build.0 = Release|Any CPU
		{CD83DD28-C9D7-47D2-99F7-06A1A40EBD8E}.Debug|Any CPU.ActiveCfg = Debug|Any CPU
		{CD83DD28-C9D7-47D2-99F7-06A1A40EBD8E}.Debug|Any CPU.Build.0 = Debug|Any CPU
		{CD83DD28-C9D7-47D2-99F7-06A1A40EBD8E}.Release|Any CPU.ActiveCfg = Release|Any CPU
		{CD83DD28-C9D7-47D2-99F7-06A1A40EBD8E}.Release|Any CPU.Build.0 = Release|Any CPU
		{52E43EF2-57D5-444C-8380-4200EFB35370}.Debug|Any CPU.ActiveCfg = Debug|Any CPU
		{52E43EF2-57D5-444C-8380-4200EFB35370}.Debug|Any CPU.Build.0 = Debug|Any CPU
		{52E43EF2-57D5-444C-8380-4200EFB35370}.Release|Any CPU.ActiveCfg = Release|Any CPU
		{52E43EF2-57D5-444C-8380-4200EFB35370}.Release|Any CPU.Build.0 = Release|Any CPU
		{592E34B7-D423-4D8F-8B1E-1E448F09F7D2}.Debug|Any CPU.ActiveCfg = Debug|Any CPU
		{592E34B7-D423-4D8F-8B1E-1E448F09F7D2}.Debug|Any CPU.Build.0 = Debug|Any CPU
		{592E34B7-D423-4D8F-8B1E-1E448F09F7D2}.Release|Any CPU.ActiveCfg = Release|Any CPU
		{592E34B7-D423-4D8F-8B1E-1E448F09F7D2}.Release|Any CPU.Build.0 = Release|Any CPU
		{60D537FD-FC3C-4637-8122-A65A4F0ABEBA}.Debug|Any CPU.ActiveCfg = Debug|Any CPU
		{60D537FD-FC3C-4637-8122-A65A4F0ABEBA}.Debug|Any CPU.Build.0 = Debug|Any CPU
		{60D537FD-FC3C-4637-8122-A65A4F0ABEBA}.Release|Any CPU.ActiveCfg = Release|Any CPU
		{60D537FD-FC3C-4637-8122-A65A4F0ABEBA}.Release|Any CPU.Build.0 = Release|Any CPU
		{5E2C5931-7141-4CF7-9B71-717D61BF0A3D}.Debug|Any CPU.ActiveCfg = Debug|Any CPU
		{5E2C5931-7141-4CF7-9B71-717D61BF0A3D}.Debug|Any CPU.Build.0 = Debug|Any CPU
		{5E2C5931-7141-4CF7-9B71-717D61BF0A3D}.Release|Any CPU.ActiveCfg = Release|Any CPU
		{5E2C5931-7141-4CF7-9B71-717D61BF0A3D}.Release|Any CPU.Build.0 = Release|Any CPU
		{60A1BFDD-117E-4988-AB5A-E771BFBD1269}.Debug|Any CPU.ActiveCfg = Debug|Any CPU
		{60A1BFDD-117E-4988-AB5A-E771BFBD1269}.Debug|Any CPU.Build.0 = Debug|Any CPU
		{60A1BFDD-117E-4988-AB5A-E771BFBD1269}.Release|Any CPU.ActiveCfg = Release|Any CPU
		{60A1BFDD-117E-4988-AB5A-E771BFBD1269}.Release|Any CPU.Build.0 = Release|Any CPU
		{AC1364B1-1B41-4720-AD1E-980A36769F22}.Debug|Any CPU.ActiveCfg = Debug|Any CPU
		{AC1364B1-1B41-4720-AD1E-980A36769F22}.Debug|Any CPU.Build.0 = Debug|Any CPU
		{AC1364B1-1B41-4720-AD1E-980A36769F22}.Release|Any CPU.ActiveCfg = Release|Any CPU
		{AC1364B1-1B41-4720-AD1E-980A36769F22}.Release|Any CPU.Build.0 = Release|Any CPU
		{32582AC5-C5D2-47F1-8480-43627E1EEA9F}.Debug|Any CPU.ActiveCfg = Debug|Any CPU
		{32582AC5-C5D2-47F1-8480-43627E1EEA9F}.Debug|Any CPU.Build.0 = Debug|Any CPU
		{32582AC5-C5D2-47F1-8480-43627E1EEA9F}.Release|Any CPU.ActiveCfg = Release|Any CPU
		{32582AC5-C5D2-47F1-8480-43627E1EEA9F}.Release|Any CPU.Build.0 = Release|Any CPU
		{09F94FD9-A0EB-4324-B383-4AAD04678B65}.Debug|Any CPU.ActiveCfg = Debug|Any CPU
		{09F94FD9-A0EB-4324-B383-4AAD04678B65}.Debug|Any CPU.Build.0 = Debug|Any CPU
		{09F94FD9-A0EB-4324-B383-4AAD04678B65}.Release|Any CPU.ActiveCfg = Release|Any CPU
		{09F94FD9-A0EB-4324-B383-4AAD04678B65}.Release|Any CPU.Build.0 = Release|Any CPU
		{AD6B0CD5-132F-4A07-85B8-2E774E960238}.Debug|Any CPU.ActiveCfg = Debug|Any CPU
		{AD6B0CD5-132F-4A07-85B8-2E774E960238}.Debug|Any CPU.Build.0 = Debug|Any CPU
		{AD6B0CD5-132F-4A07-85B8-2E774E960238}.Release|Any CPU.ActiveCfg = Release|Any CPU
		{AD6B0CD5-132F-4A07-85B8-2E774E960238}.Release|Any CPU.Build.0 = Release|Any CPU
		{31E7EA98-33A6-4688-8BB6-44AD5B499782}.Debug|Any CPU.ActiveCfg = Debug|Any CPU
		{31E7EA98-33A6-4688-8BB6-44AD5B499782}.Debug|Any CPU.Build.0 = Debug|Any CPU
		{31E7EA98-33A6-4688-8BB6-44AD5B499782}.Release|Any CPU.ActiveCfg = Release|Any CPU
		{31E7EA98-33A6-4688-8BB6-44AD5B499782}.Release|Any CPU.Build.0 = Release|Any CPU
		{E0068CE0-4431-4BDE-9A42-57D7D329CC83}.Debug|Any CPU.ActiveCfg = Debug|Any CPU
		{E0068CE0-4431-4BDE-9A42-57D7D329CC83}.Debug|Any CPU.Build.0 = Debug|Any CPU
		{E0068CE0-4431-4BDE-9A42-57D7D329CC83}.Release|Any CPU.ActiveCfg = Release|Any CPU
		{E0068CE0-4431-4BDE-9A42-57D7D329CC83}.Release|Any CPU.Build.0 = Release|Any CPU
		{E6234C62-44BA-4F2D-A972-EC3E62FA15F3}.Debug|Any CPU.ActiveCfg = Debug|Any CPU
		{E6234C62-44BA-4F2D-A972-EC3E62FA15F3}.Debug|Any CPU.Build.0 = Debug|Any CPU
		{E6234C62-44BA-4F2D-A972-EC3E62FA15F3}.Release|Any CPU.ActiveCfg = Release|Any CPU
		{E6234C62-44BA-4F2D-A972-EC3E62FA15F3}.Release|Any CPU.Build.0 = Release|Any CPU
		{27785D7A-894A-4ECC-82BD-CB9C691874A6}.Debug|Any CPU.ActiveCfg = Debug|Any CPU
		{27785D7A-894A-4ECC-82BD-CB9C691874A6}.Debug|Any CPU.Build.0 = Debug|Any CPU
		{27785D7A-894A-4ECC-82BD-CB9C691874A6}.Release|Any CPU.ActiveCfg = Release|Any CPU
		{27785D7A-894A-4ECC-82BD-CB9C691874A6}.Release|Any CPU.Build.0 = Release|Any CPU
		{259BD0D9-32B7-4C19-BB74-9DE71ECDE11C}.Debug|Any CPU.ActiveCfg = Debug|Any CPU
		{259BD0D9-32B7-4C19-BB74-9DE71ECDE11C}.Debug|Any CPU.Build.0 = Debug|Any CPU
		{259BD0D9-32B7-4C19-BB74-9DE71ECDE11C}.Release|Any CPU.ActiveCfg = Release|Any CPU
		{259BD0D9-32B7-4C19-BB74-9DE71ECDE11C}.Release|Any CPU.Build.0 = Release|Any CPU
		{A58E8DA7-64E7-4B5B-8F59-510BC4D56F06}.Debug|Any CPU.ActiveCfg = Debug|Any CPU
		{A58E8DA7-64E7-4B5B-8F59-510BC4D56F06}.Debug|Any CPU.Build.0 = Debug|Any CPU
		{A58E8DA7-64E7-4B5B-8F59-510BC4D56F06}.Release|Any CPU.ActiveCfg = Release|Any CPU
		{A58E8DA7-64E7-4B5B-8F59-510BC4D56F06}.Release|Any CPU.Build.0 = Release|Any CPU
		{9AA1D734-9CCC-464B-99A0-907B5199956A}.Debug|Any CPU.ActiveCfg = Debug|Any CPU
		{9AA1D734-9CCC-464B-99A0-907B5199956A}.Debug|Any CPU.Build.0 = Debug|Any CPU
		{9AA1D734-9CCC-464B-99A0-907B5199956A}.Release|Any CPU.ActiveCfg = Release|Any CPU
		{9AA1D734-9CCC-464B-99A0-907B5199956A}.Release|Any CPU.Build.0 = Release|Any CPU
		{8DF719EA-25AB-4B80-9A18-F7CA720B92F7}.Debug|Any CPU.ActiveCfg = Debug|Any CPU
		{8DF719EA-25AB-4B80-9A18-F7CA720B92F7}.Debug|Any CPU.Build.0 = Debug|Any CPU
		{8DF719EA-25AB-4B80-9A18-F7CA720B92F7}.Release|Any CPU.ActiveCfg = Release|Any CPU
		{8DF719EA-25AB-4B80-9A18-F7CA720B92F7}.Release|Any CPU.Build.0 = Release|Any CPU
		{E207741A-EB1B-4953-9A24-8BA9F5CF4CD9}.Debug|Any CPU.ActiveCfg = Debug|Any CPU
		{E207741A-EB1B-4953-9A24-8BA9F5CF4CD9}.Debug|Any CPU.Build.0 = Debug|Any CPU
		{E207741A-EB1B-4953-9A24-8BA9F5CF4CD9}.Release|Any CPU.ActiveCfg = Release|Any CPU
		{E207741A-EB1B-4953-9A24-8BA9F5CF4CD9}.Release|Any CPU.Build.0 = Release|Any CPU
		{5B6A1CD7-F23A-4924-B45C-ACEF658DAC42}.Debug|Any CPU.ActiveCfg = Debug|Any CPU
		{5B6A1CD7-F23A-4924-B45C-ACEF658DAC42}.Debug|Any CPU.Build.0 = Debug|Any CPU
		{5B6A1CD7-F23A-4924-B45C-ACEF658DAC42}.Release|Any CPU.ActiveCfg = Release|Any CPU
		{5B6A1CD7-F23A-4924-B45C-ACEF658DAC42}.Release|Any CPU.Build.0 = Release|Any CPU
		{F89ABAFF-75D8-4001-8C3C-E737DDDD98D5}.Debug|Any CPU.ActiveCfg = Debug|Any CPU
		{F89ABAFF-75D8-4001-8C3C-E737DDDD98D5}.Debug|Any CPU.Build.0 = Debug|Any CPU
		{F89ABAFF-75D8-4001-8C3C-E737DDDD98D5}.Release|Any CPU.ActiveCfg = Release|Any CPU
		{F89ABAFF-75D8-4001-8C3C-E737DDDD98D5}.Release|Any CPU.Build.0 = Release|Any CPU
		{97DC8EF6-F296-46CA-A566-91B18270182A}.Debug|Any CPU.ActiveCfg = Debug|Any CPU
		{97DC8EF6-F296-46CA-A566-91B18270182A}.Debug|Any CPU.Build.0 = Debug|Any CPU
		{97DC8EF6-F296-46CA-A566-91B18270182A}.Release|Any CPU.ActiveCfg = Release|Any CPU
		{97DC8EF6-F296-46CA-A566-91B18270182A}.Release|Any CPU.Build.0 = Release|Any CPU
		{6A80EBFF-1D17-44C9-8F8F-994D6F553039}.Debug|Any CPU.ActiveCfg = Debug|Any CPU
		{6A80EBFF-1D17-44C9-8F8F-994D6F553039}.Debug|Any CPU.Build.0 = Debug|Any CPU
		{6A80EBFF-1D17-44C9-8F8F-994D6F553039}.Release|Any CPU.ActiveCfg = Release|Any CPU
		{6A80EBFF-1D17-44C9-8F8F-994D6F553039}.Release|Any CPU.Build.0 = Release|Any CPU
		{DFC4E689-A32A-4795-8697-FECD5C44ABE2}.Debug|Any CPU.ActiveCfg = Debug|Any CPU
		{DFC4E689-A32A-4795-8697-FECD5C44ABE2}.Debug|Any CPU.Build.0 = Debug|Any CPU
		{DFC4E689-A32A-4795-8697-FECD5C44ABE2}.Release|Any CPU.ActiveCfg = Release|Any CPU
		{DFC4E689-A32A-4795-8697-FECD5C44ABE2}.Release|Any CPU.Build.0 = Release|Any CPU
	EndGlobalSection
	GlobalSection(SolutionProperties) = preSolution
		HideSolutionNode = FALSE
	EndGlobalSection
	GlobalSection(NestedProjects) = preSolution
		{F9A7C885-7A35-4895-9609-2F4B737A5CD8} = {94B1A63D-1E98-42B1-B7FB-2DE3C4E2092C}
		{5E2C5931-7141-4CF7-9B71-717D61BF0A3D} = {94B1A63D-1E98-42B1-B7FB-2DE3C4E2092C}
		{60A1BFDD-117E-4988-AB5A-E771BFBD1269} = {94B1A63D-1E98-42B1-B7FB-2DE3C4E2092C}
		{AC1364B1-1B41-4720-AD1E-980A36769F22} = {94B1A63D-1E98-42B1-B7FB-2DE3C4E2092C}
		{32582AC5-C5D2-47F1-8480-43627E1EEA9F} = {94B1A63D-1E98-42B1-B7FB-2DE3C4E2092C}
		{09F94FD9-A0EB-4324-B383-4AAD04678B65} = {94B1A63D-1E98-42B1-B7FB-2DE3C4E2092C}
		{E6234C62-44BA-4F2D-A972-EC3E62FA15F3} = {94B1A63D-1E98-42B1-B7FB-2DE3C4E2092C}
		{259BD0D9-32B7-4C19-BB74-9DE71ECDE11C} = {94B1A63D-1E98-42B1-B7FB-2DE3C4E2092C}
		{A58E8DA7-64E7-4B5B-8F59-510BC4D56F06} = {94B1A63D-1E98-42B1-B7FB-2DE3C4E2092C}
		{8DF719EA-25AB-4B80-9A18-F7CA720B92F7} = {94B1A63D-1E98-42B1-B7FB-2DE3C4E2092C}
		{97DC8EF6-F296-46CA-A566-91B18270182A} = {94B1A63D-1E98-42B1-B7FB-2DE3C4E2092C}
		{DFC4E689-A32A-4795-8697-FECD5C44ABE2} = {94B1A63D-1E98-42B1-B7FB-2DE3C4E2092C}
	EndGlobalSection
	GlobalSection(ExtensibilityGlobals) = postSolution
		SolutionGuid = {B580F11F-8DAB-4763-A620-B78BD5AB92BE}
	EndGlobalSection
EndGlobal
